// !$*UTF8*$!
{
	archiveVersion = 1;
	classes = {
	};
	objectVersion = 55;
	objects = {

/* Begin PBXBuildFile section */
		C6AF6369287EEBC100103412 /* ToDoSwiftUIApp.swift in Sources */ = {isa = PBXBuildFile; fileRef = C6AF6368287EEBC100103412 /* ToDoSwiftUIApp.swift */; };
		C6AF636D287EEBC300103412 /* Assets.xcassets in Resources */ = {isa = PBXBuildFile; fileRef = C6AF636C287EEBC300103412 /* Assets.xcassets */; };
		C6AF6370287EEBC300103412 /* Preview Assets.xcassets in Resources */ = {isa = PBXBuildFile; fileRef = C6AF636F287EEBC300103412 /* Preview Assets.xcassets */; };
		C6AF6378287EECF100103412 /* ListView.swift in Sources */ = {isa = PBXBuildFile; fileRef = C6AF6377287EECF100103412 /* ListView.swift */; };
		C6AF637A287EF01A00103412 /* ListRowView.swift in Sources */ = {isa = PBXBuildFile; fileRef = C6AF6379287EF01A00103412 /* ListRowView.swift */; };
		C6AF637C287EF38000103412 /* AddView.swift in Sources */ = {isa = PBXBuildFile; fileRef = C6AF637B287EF38000103412 /* AddView.swift */; };
		C6AF637F287F02CA00103412 /* ItemModel.swift in Sources */ = {isa = PBXBuildFile; fileRef = C6AF637E287F02CA00103412 /* ItemModel.swift */; };
		C6AF6382287F089900103412 /* ListViewModel.swift in Sources */ = {isa = PBXBuildFile; fileRef = C6AF6381287F089900103412 /* ListViewModel.swift */; };
/* End PBXBuildFile section */

/* Begin PBXFileReference section */
		C6AF6365287EEBC100103412 /* ToDoSwiftUI.app */ = {isa = PBXFileReference; explicitFileType = wrapper.application; includeInIndex = 0; path = ToDoSwiftUI.app; sourceTree = BUILT_PRODUCTS_DIR; };
		C6AF6368287EEBC100103412 /* ToDoSwiftUIApp.swift */ = {isa = PBXFileReference; lastKnownFileType = sourcecode.swift; path = ToDoSwiftUIApp.swift; sourceTree = "<group>"; };
		C6AF636C287EEBC300103412 /* Assets.xcassets */ = {isa = PBXFileReference; lastKnownFileType = folder.assetcatalog; path = Assets.xcassets; sourceTree = "<group>"; };
		C6AF636F287EEBC300103412 /* Preview Assets.xcassets */ = {isa = PBXFileReference; lastKnownFileType = folder.assetcatalog; path = "Preview Assets.xcassets"; sourceTree = "<group>"; };
		C6AF6377287EECF100103412 /* ListView.swift */ = {isa = PBXFileReference; lastKnownFileType = sourcecode.swift; path = ListView.swift; sourceTree = "<group>"; };
		C6AF6379287EF01A00103412 /* ListRowView.swift */ = {isa = PBXFileReference; lastKnownFileType = sourcecode.swift; path = ListRowView.swift; sourceTree = "<group>"; };
		C6AF637B287EF38000103412 /* AddView.swift */ = {isa = PBXFileReference; lastKnownFileType = sourcecode.swift; path = AddView.swift; sourceTree = "<group>"; };
		C6AF637E287F02CA00103412 /* ItemModel.swift */ = {isa = PBXFileReference; lastKnownFileType = sourcecode.swift; path = ItemModel.swift; sourceTree = "<group>"; };
		C6AF6381287F089900103412 /* ListViewModel.swift */ = {isa = PBXFileReference; lastKnownFileType = sourcecode.swift; path = ListViewModel.swift; sourceTree = "<group>"; };
/* End PBXFileReference section */

/* Begin PBXFrameworksBuildPhase section */
		C6AF6362287EEBC100103412 /* Frameworks */ = {
			isa = PBXFrameworksBuildPhase;
			buildActionMask = 2147483647;
			files = (
			);
			runOnlyForDeploymentPostprocessing = 0;
		};
/* End PBXFrameworksBuildPhase section */

/* Begin PBXGroup section */
		C6AF635C287EEBC100103412 = {
			isa = PBXGroup;
			children = (
				C6AF6367287EEBC100103412 /* ToDoSwiftUI */,
				C6AF6366287EEBC100103412 /* Products */,
			);
			sourceTree = "<group>";
		};
		C6AF6366287EEBC100103412 /* Products */ = {
			isa = PBXGroup;
			children = (
				C6AF6365287EEBC100103412 /* ToDoSwiftUI.app */,
			);
			name = Products;
			sourceTree = "<group>";
		};
		C6AF6367287EEBC100103412 /* ToDoSwiftUI */ = {
			isa = PBXGroup;
			children = (
				C6AF637D287F02B200103412 /* Model */,
				C6AF6376287EECE000103412 /* View */,
				C6AF6380287F087B00103412 /* ViewModel */,
				C6AF6368287EEBC100103412 /* ToDoSwiftUIApp.swift */,
				C6AF636C287EEBC300103412 /* Assets.xcassets */,
				C6AF636E287EEBC300103412 /* Preview Content */,
			);
			path = ToDoSwiftUI;
			sourceTree = "<group>";
		};
		C6AF636E287EEBC300103412 /* Preview Content */ = {
			isa = PBXGroup;
			children = (
				C6AF636F287EEBC300103412 /* Preview Assets.xcassets */,
			);
			path = "Preview Content";
			sourceTree = "<group>";
		};
		C6AF6376287EECE000103412 /* View */ = {
			isa = PBXGroup;
			children = (
				C6AF6377287EECF100103412 /* ListView.swift */,
				C6AF6379287EF01A00103412 /* ListRowView.swift */,
				C6AF637B287EF38000103412 /* AddView.swift */,
			);
			path = View;
			sourceTree = "<group>";
		};
		C6AF637D287F02B200103412 /* Model */ = {
			isa = PBXGroup;
			children = (
				C6AF637E287F02CA00103412 /* ItemModel.swift */,
			);
			path = Model;
			sourceTree = "<group>";
		};
		C6AF6380287F087B00103412 /* ViewModel */ = {
			isa = PBXGroup;
			children = (
				C6AF6381287F089900103412 /* ListViewModel.swift */,
			);
			path = ViewModel;
			sourceTree = "<group>";
		};
/* End PBXGroup section */

/* Begin PBXNativeTarget section */
		C6AF6364287EEBC100103412 /* ToDoSwiftUI */ = {
			isa = PBXNativeTarget;
			buildConfigurationList = C6AF6373287EEBC300103412 /* Build configuration list for PBXNativeTarget "ToDoSwiftUI" */;
			buildPhases = (
				C6AF6361287EEBC100103412 /* Sources */,
				C6AF6362287EEBC100103412 /* Frameworks */,
				C6AF6363287EEBC100103412 /* Resources */,
			);
			buildRules = (
			);
			dependencies = (
			);
			name = ToDoSwiftUI;
			productName = ToDoSwiftUI;
			productReference = C6AF6365287EEBC100103412 /* ToDoSwiftUI.app */;
			productType = "com.apple.product-type.application";
		};
/* End PBXNativeTarget section */

/* Begin PBXProject section */
		C6AF635D287EEBC100103412 /* Project object */ = {
			isa = PBXProject;
			attributes = {
				BuildIndependentTargetsInParallel = 1;
				LastSwiftUpdateCheck = 1340;
				LastUpgradeCheck = 1340;
				TargetAttributes = {
					C6AF6364287EEBC100103412 = {
						CreatedOnToolsVersion = 13.4;
					};
				};
			};
			buildConfigurationList = C6AF6360287EEBC100103412 /* Build configuration list for PBXProject "ToDoSwiftUI" */;
			compatibilityVersion = "Xcode 13.0";
			developmentRegion = en;
			hasScannedForEncodings = 0;
			knownRegions = (
				en,
				Base,
			);
			mainGroup = C6AF635C287EEBC100103412;
			productRefGroup = C6AF6366287EEBC100103412 /* Products */;
			projectDirPath = "";
			projectRoot = "";
			targets = (
				C6AF6364287EEBC100103412 /* ToDoSwiftUI */,
			);
		};
/* End PBXProject section */

/* Begin PBXResourcesBuildPhase section */
		C6AF6363287EEBC100103412 /* Resources */ = {
			isa = PBXResourcesBuildPhase;
			buildActionMask = 2147483647;
			files = (
				C6AF6370287EEBC300103412 /* Preview Assets.xcassets in Resources */,
				C6AF636D287EEBC300103412 /* Assets.xcassets in Resources */,
			);
			runOnlyForDeploymentPostprocessing = 0;
		};
/* End PBXResourcesBuildPhase section */

/* Begin PBXSourcesBuildPhase section */
		C6AF6361287EEBC100103412 /* Sources */ = {
			isa = PBXSourcesBuildPhase;
			buildActionMask = 2147483647;
			files = (
				C6AF637F287F02CA00103412 /* ItemModel.swift in Sources */,
				C6AF637C287EF38000103412 /* AddView.swift in Sources */,
				C6AF6382287F089900103412 /* ListViewModel.swift in Sources */,
				C6AF6369287EEBC100103412 /* ToDoSwiftUIApp.swift in Sources */,
				C6AF6378287EECF100103412 /* ListView.swift in Sources */,
				C6AF637A287EF01A00103412 /* ListRowView.swift in Sources */,
			);
			runOnlyForDeploymentPostprocessing = 0;
		};
/* End PBXSourcesBuildPhase section */

/* Begin XCBuildConfiguration section */
		C6AF6371287EEBC300103412 /* Debug */ = {
			isa = XCBuildConfiguration;
			buildSettings = {
				ALWAYS_SEARCH_USER_PATHS = NO;
				CLANG_ANALYZER_NONNULL = YES;
				CLANG_ANALYZER_NUMBER_OBJECT_CONVERSION = YES_AGGRESSIVE;
				CLANG_CXX_LANGUAGE_STANDARD = "gnu++17";
				CLANG_ENABLE_MODULES = YES;
				CLANG_ENABLE_OBJC_ARC = YES;
				CLANG_ENABLE_OBJC_WEAK = YES;
				CLANG_WARN_BLOCK_CAPTURE_AUTORELEASING = YES;
				CLANG_WARN_BOOL_CONVERSION = YES;
				CLANG_WARN_COMMA = YES;
				CLANG_WARN_CONSTANT_CONVERSION = YES;
				CLANG_WARN_DEPRECATED_OBJC_IMPLEMENTATIONS = YES;
				CLANG_WARN_DIRECT_OBJC_ISA_USAGE = YES_ERROR;
				CLANG_WARN_DOCUMENTATION_COMMENTS = YES;
				CLANG_WARN_EMPTY_BODY = YES;
				CLANG_WARN_ENUM_CONVERSION = YES;
				CLANG_WARN_INFINITE_RECURSION = YES;
				CLANG_WARN_INT_CONVERSION = YES;
				CLANG_WARN_NON_LITERAL_NULL_CONVERSION = YES;
				CLANG_WARN_OBJC_IMPLICIT_RETAIN_SELF = YES;
				CLANG_WARN_OBJC_LITERAL_CONVERSION = YES;
				CLANG_WARN_OBJC_ROOT_CLASS = YES_ERROR;
				CLANG_WARN_QUOTED_INCLUDE_IN_FRAMEWORK_HEADER = YES;
				CLANG_WARN_RANGE_LOOP_ANALYSIS = YES;
				CLANG_WARN_STRICT_PROTOTYPES = YES;
				CLANG_WARN_SUSPICIOUS_MOVE = YES;
				CLANG_WARN_UNGUARDED_AVAILABILITY = YES_AGGRESSIVE;
				CLANG_WARN_UNREACHABLE_CODE = YES;
				CLANG_WARN__DUPLICATE_METHOD_MATCH = YES;
				COPY_PHASE_STRIP = NO;
				DEBUG_INFORMATION_FORMAT = dwarf;
				ENABLE_STRICT_OBJC_MSGSEND = YES;
				ENABLE_TESTABILITY = YES;
				GCC_C_LANGUAGE_STANDARD = gnu11;
				GCC_DYNAMIC_NO_PIC = NO;
				GCC_NO_COMMON_BLOCKS = YES;
				GCC_OPTIMIZATION_LEVEL = 0;
				GCC_PREPROCESSOR_DEFINITIONS = (
					"DEBUG=1",
					"$(inherited)",
				);
				GCC_WARN_64_TO_32_BIT_CONVERSION = YES;
				GCC_WARN_ABOUT_RETURN_TYPE = YES_ERROR;
				GCC_WARN_UNDECLARED_SELECTOR = YES;
				GCC_WARN_UNINITIALIZED_AUTOS = YES_AGGRESSIVE;
				GCC_WARN_UNUSED_FUNCTION = YES;
				GCC_WARN_UNUSED_VARIABLE = YES;
				IPHONEOS_DEPLOYMENT_TARGET = 15.5;
				MTL_ENABLE_DEBUG_INFO = INCLUDE_SOURCE;
				MTL_FAST_MATH = YES;
				ONLY_ACTIVE_ARCH = YES;
				SDKROOT = iphoneos;
				SWIFT_ACTIVE_COMPILATION_CONDITIONS = DEBUG;
				SWIFT_OPTIMIZATION_LEVEL = "-Onone";
			};
			name = Debug;
		};
		C6AF6372287EEBC300103412 /* Release */ = {
			isa = XCBuildConfiguration;
			buildSettings = {
				ALWAYS_SEARCH_USER_PATHS = NO;
				CLANG_ANALYZER_NONNULL = YES;
				CLANG_ANALYZER_NUMBER_OBJECT_CONVERSION = YES_AGGRESSIVE;
				CLANG_CXX_LANGUAGE_STANDARD = "gnu++17";
				CLANG_ENABLE_MODULES = YES;
				CLANG_ENABLE_OBJC_ARC = YES;
				CLANG_ENABLE_OBJC_WEAK = YES;
				CLANG_WARN_BLOCK_CAPTURE_AUTORELEASING = YES;
				CLANG_WARN_BOOL_CONVERSION = YES;
				CLANG_WARN_COMMA = YES;
				CLANG_WARN_CONSTANT_CONVERSION = YES;
				CLANG_WARN_DEPRECATED_OBJC_IMPLEMENTATIONS = YES;
				CLANG_WARN_DIRECT_OBJC_ISA_USAGE = YES_ERROR;
				CLANG_WARN_DOCUMENTATION_COMMENTS = YES;
				CLANG_WARN_EMPTY_BODY = YES;
				CLANG_WARN_ENUM_CONVERSION = YES;
				CLANG_WARN_INFINITE_RECURSION = YES;
				CLANG_WARN_INT_CONVERSION = YES;
				CLANG_WARN_NON_LITERAL_NULL_CONVERSION = YES;
				CLANG_WARN_OBJC_IMPLICIT_RETAIN_SELF = YES;
				CLANG_WARN_OBJC_LITERAL_CONVERSION = YES;
				CLANG_WARN_OBJC_ROOT_CLASS = YES_ERROR;
				CLANG_WARN_QUOTED_INCLUDE_IN_FRAMEWORK_HEADER = YES;
				CLANG_WARN_RANGE_LOOP_ANALYSIS = YES;
				CLANG_WARN_STRICT_PROTOTYPES = YES;
				CLANG_WARN_SUSPICIOUS_MOVE = YES;
				CLANG_WARN_UNGUARDED_AVAILABILITY = YES_AGGRESSIVE;
				CLANG_WARN_UNREACHABLE_CODE = YES;
				CLANG_WARN__DUPLICATE_METHOD_MATCH = YES;
				COPY_PHASE_STRIP = NO;
				DEBUG_INFORMATION_FORMAT = "dwarf-with-dsym";
				ENABLE_NS_ASSERTIONS = NO;
				ENABLE_STRICT_OBJC_MSGSEND = YES;
				GCC_C_LANGUAGE_STANDARD = gnu11;
				GCC_NO_COMMON_BLOCKS = YES;
				GCC_WARN_64_TO_32_BIT_CONVERSION = YES;
				GCC_WARN_ABOUT_RETURN_TYPE = YES_ERROR;
				GCC_WARN_UNDECLARED_SELECTOR = YES;
				GCC_WARN_UNINITIALIZED_AUTOS = YES_AGGRESSIVE;
				GCC_WARN_UNUSED_FUNCTION = YES;
				GCC_WARN_UNUSED_VARIABLE = YES;
				IPHONEOS_DEPLOYMENT_TARGET = 15.5;
				MTL_ENABLE_DEBUG_INFO = NO;
				MTL_FAST_MATH = YES;
				SDKROOT = iphoneos;
				SWIFT_COMPILATION_MODE = wholemodule;
				SWIFT_OPTIMIZATION_LEVEL = "-O";
				VALIDATE_PRODUCT = YES;
			};
			name = Release;
		};
		C6AF6374287EEBC300103412 /* Debug */ = {
			isa = XCBuildConfiguration;
			buildSettings = {
				ASSETCATALOG_COMPILER_APPICON_NAME = AppIcon;
				ASSETCATALOG_COMPILER_GLOBAL_ACCENT_COLOR_NAME = AccentColor;
				CODE_SIGN_STYLE = Automatic;
				CURRENT_PROJECT_VERSION = 1;
				DEVELOPMENT_ASSET_PATHS = "\"ToDoSwiftUI/Preview Content\"";
				DEVELOPMENT_TEAM = A8GJ8BBR2P;
				ENABLE_PREVIEWS = YES;
				GENERATE_INFOPLIST_FILE = YES;
				INFOPLIST_KEY_UIApplicationSceneManifest_Generation = YES;
				INFOPLIST_KEY_UIApplicationSupportsIndirectInputEvents = YES;
				INFOPLIST_KEY_UILaunchScreen_Generation = YES;
				INFOPLIST_KEY_UISupportedInterfaceOrientations_iPad = "UIInterfaceOrientationPortrait UIInterfaceOrientationPortraitUpsideDown UIInterfaceOrientationLandscapeLeft UIInterfaceOrientationLandscapeRight";
				INFOPLIST_KEY_UISupportedInterfaceOrientations_iPhone = "UIInterfaceOrientationPortrait UIInterfaceOrientationLandscapeLeft UIInterfaceOrientationLandscapeRight";
				LD_RUNPATH_SEARCH_PATHS = (
					"$(inherited)",
					"@executable_path/Frameworks",
				);
				MARKETING_VERSION = 1.0;
				PRODUCT_BUNDLE_IDENTIFIER = Durga.ToDoSwiftUI;
				PRODUCT_NAME = "$(TARGET_NAME)";
				SWIFT_EMIT_LOC_STRINGS = YES;
				SWIFT_VERSION = 5.0;
				TARGETED_DEVICE_FAMILY = "1,2";
			};
			name = Debug;
		};
		C6AF6375287EEBC300103412 /* Release */ = {
			isa = XCBuildConfiguration;
			buildSettings = {
				ASSETCATALOG_COMPILER_APPICON_NAME = AppIcon;
				ASSETCATALOG_COMPILER_GLOBAL_ACCENT_COLOR_NAME = AccentColor;
				CODE_SIGN_STYLE = Automatic;
				CURRENT_PROJECT_VERSION = 1;
				DEVELOPMENT_ASSET_PATHS = "\"ToDoSwiftUI/Preview Content\"";
				DEVELOPMENT_TEAM = A8GJ8BBR2P;
				ENABLE_PREVIEWS = YES;
				GENERATE_INFOPLIST_FILE = YES;
				INFOPLIST_KEY_UIApplicationSceneManifest_Generation = YES;
				INFOPLIST_KEY_UIApplicationSupportsIndirectInputEvents = YES;
				INFOPLIST_KEY_UILaunchScreen_Generation = YES;
				INFOPLIST_KEY_UISupportedInterfaceOrientations_iPad = "UIInterfaceOrientationPortrait UIInterfaceOrientationPortraitUpsideDown UIInterfaceOrientationLandscapeLeft UIInterfaceOrientationLandscapeRight";
				INFOPLIST_KEY_UISupportedInterfaceOrientations_iPhone = "UIInterfaceOrientationPortrait UIInterfaceOrientationLandscapeLeft UIInterfaceOrientationLandscapeRight";
				LD_RUNPATH_SEARCH_PATHS = (
					"$(inherited)",
					"@executable_path/Frameworks",
				);
				MARKETING_VERSION = 1.0;
				PRODUCT_BUNDLE_IDENTIFIER = Durga.ToDoSwiftUI;
				PRODUCT_NAME = "$(TARGET_NAME)";
				SWIFT_EMIT_LOC_STRINGS = YES;
				SWIFT_VERSION = 5.0;
				TARGETED_DEVICE_FAMILY = "1,2";
			};
			name = Release;
		};
/* End XCBuildConfiguration section */

/* Begin XCConfigurationList section */
		C6AF6360287EEBC100103412 /* Build configuration list for PBXProject "ToDoSwiftUI" */ = {
			isa = XCConfigurationList;
			buildConfigurations = (
				C6AF6371287EEBC300103412 /* Debug */,
				C6AF6372287EEBC300103412 /* Release */,
			);
			defaultConfigurationIsVisible = 0;
			defaultConfigurationName = Release;
		};
		C6AF6373287EEBC300103412 /* Build configuration list for PBXNativeTarget "ToDoSwiftUI" */ = {
			isa = XCConfigurationList;
			buildConfigurations = (
				C6AF6374287EEBC300103412 /* Debug */,
				C6AF6375287EEBC300103412 /* Release */,
			);
			defaultConfigurationIsVisible = 0;
			defaultConfigurationName = Release;
		};
/* End XCConfigurationList section */
	};
	rootObject = C6AF635D287EEBC100103412 /* Project object */;
}
